
Microsoft Visual Studio Solution File, Format Version 12.00
# Visual Studio Version 17
VisualStudioVersion = 17.2.32602.215
MinimumVisualStudioVersion = 10.0.40219.1
Project("{FAE04EC0-301F-11D3-BF4B-00C04F79EFBC}") = "RetailDiscount.DataAccess", "RetailDiscount.DataAccess\RetailDiscount.DataAccess.csproj", "{C081542B-DBE8-4C8B-B3CA-1D780D69C1A2}"
EndProject
Project("{FAE04EC0-301F-11D3-BF4B-00C04F79EFBC}") = "RetailDiscount.Business", "RetailDiscount.Business\RetailDiscount.Business.csproj", "{9C1ADA68-D44D-4AE4-880F-8AE362135AF9}"
EndProject
Project("{FAE04EC0-301F-11D3-BF4B-00C04F79EFBC}") = "RetailDiscount.Core", "RetailDiscount.Core\RetailDiscount.Core.csproj", "{40D55A54-85EE-42A0-9C4A-4B0C9C2D61AD}"
EndProject
Project("{FAE04EC0-301F-11D3-BF4B-00C04F79EFBC}") = "RetailDiscount.Entities", "RetailDiscount.Entities\RetailDiscount.Entities.csproj", "{2D869A45-FDF2-4371-A0BF-BFBB13A031BC}"
EndProject
Project("{FAE04EC0-301F-11D3-BF4B-00C04F79EFBC}") = "RetailDiscount.WebAPI", "RetailDiscount.WebAPI\RetailDiscount.WebAPI.csproj", "{FED2CCDC-CFA5-466F-9260-A4409D102603}"
EndProject
Global
	GlobalSection(SolutionConfigurationPlatforms) = preSolution
		Debug|Any CPU = Debug|Any CPU
		Release|Any CPU = Release|Any CPU
	EndGlobalSection
	GlobalSection(ProjectConfigurationPlatforms) = postSolution
		{C081542B-DBE8-4C8B-B3CA-1D780D69C1A2}.Debug|Any CPU.ActiveCfg = Debug|Any CPU
		{C081542B-DBE8-4C8B-B3CA-1D780D69C1A2}.Debug|Any CPU.Build.0 = Debug|Any CPU
		{C081542B-DBE8-4C8B-B3CA-1D780D69C1A2}.Release|Any CPU.ActiveCfg = Release|Any CPU
		{C081542B-DBE8-4C8B-B3CA-1D780D69C1A2}.Release|Any CPU.Build.0 = Release|Any CPU
		{9C1ADA68-D44D-4AE4-880F-8AE362135AF9}.Debug|Any CPU.ActiveCfg = Debug|Any CPU
		{9C1ADA68-D44D-4AE4-880F-8AE362135AF9}.Debug|Any CPU.Build.0 = Debug|Any CPU
		{9C1ADA68-D44D-4AE4-880F-8AE362135AF9}.Release|Any CPU.ActiveCfg = Release|Any CPU
		{9C1ADA68-D44D-4AE4-880F-8AE362135AF9}.Release|Any CPU.Build.0 = Release|Any CPU
		{40D55A54-85EE-42A0-9C4A-4B0C9C2D61AD}.Debug|Any CPU.ActiveCfg = Debug|Any CPU
		{40D55A54-85EE-42A0-9C4A-4B0C9C2D61AD}.Debug|Any CPU.Build.0 = Debug|Any CPU
		{40D55A54-85EE-42A0-9C4A-4B0C9C2D61AD}.Release|Any CPU.ActiveCfg = Release|Any CPU
		{40D55A54-85EE-42A0-9C4A-4B0C9C2D61AD}.Release|Any CPU.Build.0 = Release|Any CPU
		{2D869A45-FDF2-4371-A0BF-BFBB13A031BC}.Debug|Any CPU.ActiveCfg = Debug|Any CPU
		{2D869A45-FDF2-4371-A0BF-BFBB13A031BC}.Debug|Any CPU.Build.0 = Debug|Any CPU
		{2D869A45-FDF2-4371-A0BF-BFBB13A031BC}.Release|Any CPU.ActiveCfg = Release|Any CPU
		{2D869A45-FDF2-4371-A0BF-BFBB13A031BC}.Release|Any CPU.Build.0 = Release|Any CPU
		{FED2CCDC-CFA5-466F-9260-A4409D102603}.Debug|Any CPU.ActiveCfg = Debug|Any CPU
		{FED2CCDC-CFA5-466F-9260-A4409D102603}.Debug|Any CPU.Build.0 = Debug|Any CPU
		{FED2CCDC-CFA5-466F-9260-A4409D102603}.Release|Any CPU.ActiveCfg = Release|Any CPU
		{FED2CCDC-CFA5-466F-9260-A4409D102603}.Release|Any CPU.Build.0 = Release|Any CPU
	EndGlobalSection
	GlobalSection(SolutionProperties) = preSolution
		HideSolutionNode = FALSE
	EndGlobalSection
	GlobalSection(ExtensibilityGlobals) = postSolution
		SolutionGuid = {D13CB239-0A2C-4F08-952F-1BD6C705D544}
	EndGlobalSection
EndGlobal
